{
  "requires": true,
  "lockfileVersion": 1,
  "dependencies": {
    "@date-io/core": {
      "version": "2.2.0",
      "resolved": "https://registry.npmjs.org/@date-io/core/-/core-2.2.0.tgz",
      "integrity": "sha512-QM0ESKqAtuz8kNz53XYJFLZtceVp1V1cbhqdIDMveB0wSfDfBk8m5iT0GkHv5RIs+p6PXVd3zkeqz/qD4UzdPw=="
    },
    "@date-io/date-fns": {
      "version": "2.2.0",
      "resolved": "https://registry.npmjs.org/@date-io/date-fns/-/date-fns-2.2.0.tgz",
      "integrity": "sha512-69+fw/RfOT8PwJrfR6xMzn0gewkFOBEgO/j4o2xiI/u4jw4mX26H5o8W43arzLTmIHQ8bg64sjci0M00QOpWAg==",
      "requires": {
        "@date-io/core": "^2.2.0"
      }
    }
  }
}
